// !$*UTF8*$!
{
	archiveVersion = 1;
	classes = {
	};
	objectVersion = 50;
	objects = {

/* Begin PBXBuildFile section */
		3A3C6182223D26150020FD3D /* AppDelegate.swift in Sources */ = {isa = PBXBuildFile; fileRef = 3A3C6180223D26150020FD3D /* AppDelegate.swift */; };
		3A3C619A223D28210020FD3D /* Assets.xcassets in Resources */ = {isa = PBXBuildFile; fileRef = 3A3C6199223D28210020FD3D /* Assets.xcassets */; };
		3A3C61A7223D2D830020FD3D /* CameraCapturer.swift in Sources */ = {isa = PBXBuildFile; fileRef = 3A3C61A6223D2D830020FD3D /* CameraCapturer.swift */; };
		3A3C61AA223D351A0020FD3D /* Extensions.swift in Sources */ = {isa = PBXBuildFile; fileRef = 3A3C61A9223D351A0020FD3D /* Extensions.swift */; };
		3A3C61C4223FE3C00020FD3D /* ComparisonView.swift in Sources */ = {isa = PBXBuildFile; fileRef = 3A3C61C3223FE3C00020FD3D /* ComparisonView.swift */; };
		3A3C61C62240008D0020FD3D /* KnobView.swift in Sources */ = {isa = PBXBuildFile; fileRef = 3A3C61C52240008D0020FD3D /* KnobView.swift */; };
		3A3C61CA224042860020FD3D /* CameraView.swift in Sources */ = {isa = PBXBuildFile; fileRef = 3A3C61C9224042860020FD3D /* CameraView.swift */; };
		3AB6230A2242A14300D874F8 /* Colors.swift in Sources */ = {isa = PBXBuildFile; fileRef = 3AB623092242A14300D874F8 /* Colors.swift */; };
		3AB6230C2242AE7A00D874F8 /* Sight.swift in Sources */ = {isa = PBXBuildFile; fileRef = 3AB6230B2242AE7A00D874F8 /* Sight.swift */; };
		3AB6230E2242AEAA00D874F8 /* SightView.swift in Sources */ = {isa = PBXBuildFile; fileRef = 3AB6230D2242AEAA00D874F8 /* SightView.swift */; };
		3AB623152243228000D874F8 /* MagneticView.swift in Sources */ = {isa = PBXBuildFile; fileRef = 3AB623142243228000D874F8 /* MagneticView.swift */; };
		3AB623172243337100D874F8 /* Effects.swift in Sources */ = {isa = PBXBuildFile; fileRef = 3AB623162243337100D874F8 /* Effects.swift */; };
		3AB6231A224333E400D874F8 /* MagneticCapturer.swift in Sources */ = {isa = PBXBuildFile; fileRef = 3AB62319224333E400D874F8 /* MagneticCapturer.swift */; };
		3ACC01932243AF8B00AAAA20 /* MainView.swift in Sources */ = {isa = PBXBuildFile; fileRef = 3ACC01922243AF8B00AAAA20 /* MainView.swift */; };
		3ACC01962243AF9A00AAAA20 /* MainViewController.swift in Sources */ = {isa = PBXBuildFile; fileRef = 3ACC01952243AF9A00AAAA20 /* MainViewController.swift */; };
		3ACC019A2243E97900AAAA20 /* DockView.swift in Sources */ = {isa = PBXBuildFile; fileRef = 3ACC01992243E97800AAAA20 /* DockView.swift */; };
/* End PBXBuildFile section */

/* Begin PBXFileReference section */
		3A3C6180223D26150020FD3D /* AppDelegate.swift */ = {isa = PBXFileReference; fileEncoding = 4; lastKnownFileType = sourcecode.swift; path = AppDelegate.swift; sourceTree = "<group>"; };
		3A3C6184223D261E0020FD3D /* Info.plist */ = {isa = PBXFileReference; lastKnownFileType = text.plist.xml; path = Info.plist; sourceTree = "<group>"; };
		3A3C6198223D26530020FD3D /* Sight.xcconfig */ = {isa = PBXFileReference; lastKnownFileType = text.xcconfig; path = Sight.xcconfig; sourceTree = "<group>"; };
		3A3C6199223D28210020FD3D /* Assets.xcassets */ = {isa = PBXFileReference; lastKnownFileType = folder.assetcatalog; path = Assets.xcassets; sourceTree = "<group>"; };
		3A3C61A6223D2D830020FD3D /* CameraCapturer.swift */ = {isa = PBXFileReference; lastKnownFileType = sourcecode.swift; path = CameraCapturer.swift; sourceTree = "<group>"; };
		3A3C61A9223D351A0020FD3D /* Extensions.swift */ = {isa = PBXFileReference; lastKnownFileType = sourcecode.swift; path = Extensions.swift; sourceTree = "<group>"; };
		3A3C61C3223FE3C00020FD3D /* ComparisonView.swift */ = {isa = PBXFileReference; lastKnownFileType = sourcecode.swift; path = ComparisonView.swift; sourceTree = "<group>"; };
		3A3C61C52240008D0020FD3D /* KnobView.swift */ = {isa = PBXFileReference; lastKnownFileType = sourcecode.swift; path = KnobView.swift; sourceTree = "<group>"; };
		3A3C61C9224042860020FD3D /* CameraView.swift */ = {isa = PBXFileReference; lastKnownFileType = sourcecode.swift; path = CameraView.swift; sourceTree = "<group>"; };
		3AAAB0C4223D25530072305E /* Sight.app */ = {isa = PBXFileReference; explicitFileType = wrapper.application; includeInIndex = 0; path = Sight.app; sourceTree = BUILT_PRODUCTS_DIR; };
		3AB623092242A14300D874F8 /* Colors.swift */ = {isa = PBXFileReference; lastKnownFileType = sourcecode.swift; path = Colors.swift; sourceTree = "<group>"; };
		3AB6230B2242AE7A00D874F8 /* Sight.swift */ = {isa = PBXFileReference; lastKnownFileType = sourcecode.swift; path = Sight.swift; sourceTree = "<group>"; };
		3AB6230D2242AEAA00D874F8 /* SightView.swift */ = {isa = PBXFileReference; lastKnownFileType = sourcecode.swift; path = SightView.swift; sourceTree = "<group>"; };
		3AB623142243228000D874F8 /* MagneticView.swift */ = {isa = PBXFileReference; lastKnownFileType = sourcecode.swift; path = MagneticView.swift; sourceTree = "<group>"; };
		3AB623162243337100D874F8 /* Effects.swift */ = {isa = PBXFileReference; fileEncoding = 4; lastKnownFileType = sourcecode.swift; path = Effects.swift; sourceTree = "<group>"; };
		3AB62319224333E400D874F8 /* MagneticCapturer.swift */ = {isa = PBXFileReference; lastKnownFileType = sourcecode.swift; path = MagneticCapturer.swift; sourceTree = "<group>"; };
		3ACC01922243AF8B00AAAA20 /* MainView.swift */ = {isa = PBXFileReference; lastKnownFileType = sourcecode.swift; path = MainView.swift; sourceTree = "<group>"; };
		3ACC01952243AF9A00AAAA20 /* MainViewController.swift */ = {isa = PBXFileReference; lastKnownFileType = sourcecode.swift; path = MainViewController.swift; sourceTree = "<group>"; };
		3ACC01992243E97800AAAA20 /* DockView.swift */ = {isa = PBXFileReference; fileEncoding = 4; lastKnownFileType = sourcecode.swift; path = DockView.swift; sourceTree = "<group>"; };
/* End PBXFileReference section */

/* Begin PBXFrameworksBuildPhase section */
		3AAAB0C1223D25530072305E /* Frameworks */ = {
			isa = PBXFrameworksBuildPhase;
			buildActionMask = 2147483647;
			files = (
			);
			runOnlyForDeploymentPostprocessing = 0;
		};
/* End PBXFrameworksBuildPhase section */

/* Begin PBXGroup section */
		3A3C617E223D26150020FD3D /* Sources */ = {
			isa = PBXGroup;
			children = (
				3AB623182243338200D874F8 /* Models */,
				3A3C61BB223F9C9D0020FD3D /* Interface */,
				3A3C61A5223D2D730020FD3D /* Capturing */,
				3A3C61A8223D32DB0020FD3D /* Extensions */,
				3A3C6180223D26150020FD3D /* AppDelegate.swift */,
			);
			path = Sources;
			sourceTree = "<group>";
		};
		3A3C6183223D261E0020FD3D /* Resources */ = {
			isa = PBXGroup;
			children = (
				3A3C6199223D28210020FD3D /* Assets.xcassets */,
				3A3C6184223D261E0020FD3D /* Info.plist */,
			);
			path = Resources;
			sourceTree = "<group>";
		};
		3A3C6185223D26270020FD3D /* Configuration */ = {
			isa = PBXGroup;
			children = (
				3A3C6198223D26530020FD3D /* Sight.xcconfig */,
			);
			path = Configuration;
			sourceTree = "<group>";
		};
		3A3C61A5223D2D730020FD3D /* Capturing */ = {
			isa = PBXGroup;
			children = (
				3A3C61A6223D2D830020FD3D /* CameraCapturer.swift */,
				3AB62319224333E400D874F8 /* MagneticCapturer.swift */,
			);
			path = Capturing;
			sourceTree = "<group>";
		};
		3A3C61A8223D32DB0020FD3D /* Extensions */ = {
			isa = PBXGroup;
			children = (
				3A3C61A9223D351A0020FD3D /* Extensions.swift */,
			);
			path = Extensions;
			sourceTree = "<group>";
		};
		3A3C61BB223F9C9D0020FD3D /* Interface */ = {
			isa = PBXGroup;
			children = (
				3ACC01942243AF8E00AAAA20 /* Main */,
				3AB6230D2242AEAA00D874F8 /* SightView.swift */,
				3A3C61C9224042860020FD3D /* CameraView.swift */,
				3AB623142243228000D874F8 /* MagneticView.swift */,
				3A3C61C3223FE3C00020FD3D /* ComparisonView.swift */,
				3A3C61C52240008D0020FD3D /* KnobView.swift */,
				3ACC01992243E97800AAAA20 /* DockView.swift */,
			);
			path = Interface;
			sourceTree = "<group>";
		};
		3AAAB0BB223D25520072305E = {
			isa = PBXGroup;
			children = (
				3A3C617E223D26150020FD3D /* Sources */,
				3A3C6183223D261E0020FD3D /* Resources */,
				3A3C6185223D26270020FD3D /* Configuration */,
				3AAAB0C5223D25530072305E /* Products */,
			);
			sourceTree = "<group>";
		};
		3AAAB0C5223D25530072305E /* Products */ = {
			isa = PBXGroup;
			children = (
				3AAAB0C4223D25530072305E /* Sight.app */,
			);
			name = Products;
			sourceTree = "<group>";
		};
		3AB623182243338200D874F8 /* Models */ = {
			isa = PBXGroup;
			children = (
				3AB6230B2242AE7A00D874F8 /* Sight.swift */,
				3AB623162243337100D874F8 /* Effects.swift */,
				3AB623092242A14300D874F8 /* Colors.swift */,
			);
			path = Models;
			sourceTree = "<group>";
		};
		3ACC01942243AF8E00AAAA20 /* Main */ = {
			isa = PBXGroup;
			children = (
				3ACC01952243AF9A00AAAA20 /* MainViewController.swift */,
				3ACC01922243AF8B00AAAA20 /* MainView.swift */,
			);
			path = Main;
			sourceTree = "<group>";
		};
/* End PBXGroup section */

/* Begin PBXNativeTarget section */
		3AAAB0C3223D25530072305E /* Sight */ = {
			isa = PBXNativeTarget;
			buildConfigurationList = 3AAAB0D6223D25540072305E /* Build configuration list for PBXNativeTarget "Sight" */;
			buildPhases = (
				3AAAB0C0223D25530072305E /* Sources */,
				3AAAB0C1223D25530072305E /* Frameworks */,
				3AAAB0C2223D25530072305E /* Resources */,
			);
			buildRules = (
			);
			dependencies = (
			);
			name = Sight;
			productName = Perception;
			productReference = 3AAAB0C4223D25530072305E /* Sight.app */;
			productType = "com.apple.product-type.application";
		};
/* End PBXNativeTarget section */

/* Begin PBXProject section */
		3AAAB0BC223D25520072305E /* Project object */ = {
			isa = PBXProject;
			attributes = {
				LastSwiftUpdateCheck = 1010;
				LastUpgradeCheck = 1010;
				ORGANIZATIONNAME = "Adrian Kashivskyy";
				TargetAttributes = {
					3AAAB0C3223D25530072305E = {
						CreatedOnToolsVersion = 10.1;
					};
				};
			};
			buildConfigurationList = 3AAAB0BF223D25520072305E /* Build configuration list for PBXProject "Sight" */;
			compatibilityVersion = "Xcode 9.3";
			developmentRegion = en;
			hasScannedForEncodings = 0;
			knownRegions = (
				en,
				Base,
			);
			mainGroup = 3AAAB0BB223D25520072305E;
			productRefGroup = 3AAAB0C5223D25530072305E /* Products */;
			projectDirPath = "";
			projectRoot = "";
			targets = (
				3AAAB0C3223D25530072305E /* Sight */,
			);
		};
/* End PBXProject section */

/* Begin PBXResourcesBuildPhase section */
		3AAAB0C2223D25530072305E /* Resources */ = {
			isa = PBXResourcesBuildPhase;
			buildActionMask = 2147483647;
			files = (
				3A3C619A223D28210020FD3D /* Assets.xcassets in Resources */,
			);
			runOnlyForDeploymentPostprocessing = 0;
		};
/* End PBXResourcesBuildPhase section */

/* Begin PBXSourcesBuildPhase section */
		3AAAB0C0223D25530072305E /* Sources */ = {
			isa = PBXSourcesBuildPhase;
			buildActionMask = 2147483647;
			files = (
				3AB6230A2242A14300D874F8 /* Colors.swift in Sources */,
				3ACC01932243AF8B00AAAA20 /* MainView.swift in Sources */,
				3A3C61CA224042860020FD3D /* CameraView.swift in Sources */,
				3AB6230C2242AE7A00D874F8 /* Sight.swift in Sources */,
				3AB623172243337100D874F8 /* Effects.swift in Sources */,
				3AB6230E2242AEAA00D874F8 /* SightView.swift in Sources */,
				3A3C61C62240008D0020FD3D /* KnobView.swift in Sources */,
				3A3C61AA223D351A0020FD3D /* Extensions.swift in Sources */,
				3A3C61C4223FE3C00020FD3D /* ComparisonView.swift in Sources */,
				3ACC01962243AF9A00AAAA20 /* MainViewController.swift in Sources */,
				3A3C6182223D26150020FD3D /* AppDelegate.swift in Sources */,
				3A3C61A7223D2D830020FD3D /* CameraCapturer.swift in Sources */,
				3AB6231A224333E400D874F8 /* MagneticCapturer.swift in Sources */,
				3AB623152243228000D874F8 /* MagneticView.swift in Sources */,
				3ACC019A2243E97900AAAA20 /* DockView.swift in Sources */,
			);
			runOnlyForDeploymentPostprocessing = 0;
		};
/* End PBXSourcesBuildPhase section */

/* Begin XCBuildConfiguration section */
		3AAAB0D4223D25540072305E /* Debug */ = {
			isa = XCBuildConfiguration;
			buildSettings = {
			};
			name = Debug;
		};
		3AAAB0D7223D25540072305E /* Debug */ = {
			isa = XCBuildConfiguration;
			baseConfigurationReference = 3A3C6198223D26530020FD3D /* Sight.xcconfig */;
			buildSettings = {
				PRODUCT_NAME = Sight;
			};
			name = Debug;
		};
/* End XCBuildConfiguration section */

/* Begin XCConfigurationList section */
		3AAAB0BF223D25520072305E /* Build configuration list for PBXProject "Sight" */ = {
			isa = XCConfigurationList;
			buildConfigurations = (
				3AAAB0D4223D25540072305E /* Debug */,
			);
			defaultConfigurationIsVisible = 0;
			defaultConfigurationName = Debug;
		};
		3AAAB0D6223D25540072305E /* Build configuration list for PBXNativeTarget "Sight" */ = {
			isa = XCConfigurationList;
			buildConfigurations = (
				3AAAB0D7223D25540072305E /* Debug */,
			);
			defaultConfigurationIsVisible = 0;
			defaultConfigurationName = Debug;
		};
/* End XCConfigurationList section */
	};
	rootObject = 3AAAB0BC223D25520072305E /* Project object */;
}
